
Microsoft Visual Studio Solution File, Format Version 12.00
# Visual Studio Version 17
VisualStudioVersion = 17.8.34330.188
MinimumVisualStudioVersion = 10.0.40219.1
Project("{9A19103F-16F7-4668-BE54-9A1E7A4F7556}") = "ElasticTest", "ElasticKibanaTest\ElasticTest.csproj", "{F51079FC-730F-476E-AC8F-CF50F2044940}"
EndProject
Global
	GlobalSection(SolutionConfigurationPlatforms) = preSolution
		Debug|Any CPU = Debug|Any CPU
		Release|Any CPU = Release|Any CPU
	EndGlobalSection
	GlobalSection(ProjectConfigurationPlatforms) = postSolution
		{F51079FC-730F-476E-AC8F-CF50F2044940}.Debug|Any CPU.ActiveCfg = Debug|Any CPU
		{F51079FC-730F-476E-AC8F-CF50F2044940}.Debug|Any CPU.Build.0 = Debug|Any CPU
		{F51079FC-730F-476E-AC8F-CF50F2044940}.Release|Any CPU.ActiveCfg = Release|Any CPU
		{F51079FC-730F-476E-AC8F-CF50F2044940}.Release|Any CPU.Build.0 = Release|Any CPU
	EndGlobalSection
	GlobalSection(SolutionProperties) = preSolution
		HideSolutionNode = FALSE
	EndGlobalSection
	GlobalSection(ExtensibilityGlobals) = postSolution
		SolutionGuid = {A3FA2894-99AE-4ACB-BF56-1AE57F24FD41}
	EndGlobalSection
EndGlobal
